// !$*UTF8*$!
{
	archiveVersion = 1;
	classes = {
	};
	objectVersion = 50;
	objects = {

/* Begin PBXBuildFile section */
		15570AED249D0E0000868E0D /* AppDelegate.swift in Sources */ = {isa = PBXBuildFile; fileRef = 15570AEC249D0E0000868E0D /* AppDelegate.swift */; };
		15570AEF249D0E0000868E0D /* SceneDelegate.swift in Sources */ = {isa = PBXBuildFile; fileRef = 15570AEE249D0E0000868E0D /* SceneDelegate.swift */; };
		15570AF2249D0E0000868E0D /* Clean_Swift_HS.xcdatamodeld in Sources */ = {isa = PBXBuildFile; fileRef = 15570AF0249D0E0000868E0D /* Clean_Swift_HS.xcdatamodeld */; };
		15570AF4249D0E0000868E0D /* ContentView.swift in Sources */ = {isa = PBXBuildFile; fileRef = 15570AF3249D0E0000868E0D /* ContentView.swift */; };
		15570AF6249D0E0C00868E0D /* Assets.xcassets in Resources */ = {isa = PBXBuildFile; fileRef = 15570AF5249D0E0C00868E0D /* Assets.xcassets */; };
		15570AF9249D0E0C00868E0D /* Preview Assets.xcassets in Resources */ = {isa = PBXBuildFile; fileRef = 15570AF8249D0E0C00868E0D /* Preview Assets.xcassets */; };
		15570AFC249D0E0C00868E0D /* LaunchScreen.storyboard in Resources */ = {isa = PBXBuildFile; fileRef = 15570AFA249D0E0C00868E0D /* LaunchScreen.storyboard */; };
/* End PBXBuildFile section */

/* Begin PBXFileReference section */
		15570AE9249D0E0000868E0D /* Clean Swift HS.app */ = {isa = PBXFileReference; explicitFileType = wrapper.application; includeInIndex = 0; path = "Clean Swift HS.app"; sourceTree = BUILT_PRODUCTS_DIR; };
		15570AEC249D0E0000868E0D /* AppDelegate.swift */ = {isa = PBXFileReference; lastKnownFileType = sourcecode.swift; path = AppDelegate.swift; sourceTree = "<group>"; };
		15570AEE249D0E0000868E0D /* SceneDelegate.swift */ = {isa = PBXFileReference; lastKnownFileType = sourcecode.swift; path = SceneDelegate.swift; sourceTree = "<group>"; };
		15570AF1249D0E0000868E0D /* Clean_Swift_HS.xcdatamodel */ = {isa = PBXFileReference; lastKnownFileType = wrapper.xcdatamodel; path = Clean_Swift_HS.xcdatamodel; sourceTree = "<group>"; };
		15570AF3249D0E0000868E0D /* ContentView.swift */ = {isa = PBXFileReference; lastKnownFileType = sourcecode.swift; path = ContentView.swift; sourceTree = "<group>"; };
		15570AF5249D0E0C00868E0D /* Assets.xcassets */ = {isa = PBXFileReference; lastKnownFileType = folder.assetcatalog; path = Assets.xcassets; sourceTree = "<group>"; };
		15570AF8249D0E0C00868E0D /* Preview Assets.xcassets */ = {isa = PBXFileReference; lastKnownFileType = folder.assetcatalog; path = "Preview Assets.xcassets"; sourceTree = "<group>"; };
		15570AFB249D0E0C00868E0D /* Base */ = {isa = PBXFileReference; lastKnownFileType = file.storyboard; name = Base; path = Base.lproj/LaunchScreen.storyboard; sourceTree = "<group>"; };
		15570AFD249D0E0C00868E0D /* Info.plist */ = {isa = PBXFileReference; lastKnownFileType = text.plist.xml; path = Info.plist; sourceTree = "<group>"; };
/* End PBXFileReference section */

/* Begin PBXFrameworksBuildPhase section */
		15570AE6249D0E0000868E0D /* Frameworks */ = {
			isa = PBXFrameworksBuildPhase;
			buildActionMask = 2147483647;
			files = (
			);
			runOnlyForDeploymentPostprocessing = 0;
		};
/* End PBXFrameworksBuildPhase section */

/* Begin PBXGroup section */
		15570AE0249D0E0000868E0D = {
			isa = PBXGroup;
			children = (
				15570AEB249D0E0000868E0D /* Clean Swift HS */,
				15570AEA249D0E0000868E0D /* Products */,
			);
			sourceTree = "<group>";
		};
		15570AEA249D0E0000868E0D /* Products */ = {
			isa = PBXGroup;
			children = (
				15570AE9249D0E0000868E0D /* Clean Swift HS.app */,
			);
			name = Products;
			sourceTree = "<group>";
		};
		15570AEB249D0E0000868E0D /* Clean Swift HS */ = {
			isa = PBXGroup;
			children = (
				15570AEC249D0E0000868E0D /* AppDelegate.swift */,
				15570AEE249D0E0000868E0D /* SceneDelegate.swift */,
				15570AF3249D0E0000868E0D /* ContentView.swift */,
				15570AF5249D0E0C00868E0D /* Assets.xcassets */,
				15570AFA249D0E0C00868E0D /* LaunchScreen.storyboard */,
				15570AFD249D0E0C00868E0D /* Info.plist */,
				15570AF0249D0E0000868E0D /* Clean_Swift_HS.xcdatamodeld */,
				15570AF7249D0E0C00868E0D /* Preview Content */,
			);
			path = "Clean Swift HS";
			sourceTree = "<group>";
		};
		15570AF7249D0E0C00868E0D /* Preview Content */ = {
			isa = PBXGroup;
			children = (
				15570AF8249D0E0C00868E0D /* Preview Assets.xcassets */,
			);
			path = "Preview Content";
			sourceTree = "<group>";
		};
/* End PBXGroup section */

/* Begin PBXNativeTarget section */
		15570AE8249D0E0000868E0D /* Clean Swift HS */ = {
			isa = PBXNativeTarget;
			buildConfigurationList = 15570B00249D0E0C00868E0D /* Build configuration list for PBXNativeTarget "Clean Swift HS" */;
			buildPhases = (
				15570AE5249D0E0000868E0D /* Sources */,
				15570AE6249D0E0000868E0D /* Frameworks */,
				15570AE7249D0E0000868E0D /* Resources */,
			);
			buildRules = (
			);
			dependencies = (
			);
			name = "Clean Swift HS";
			productName = "Clean Swift HS";
			productReference = 15570AE9249D0E0000868E0D /* Clean Swift HS.app */;
			productType = "com.apple.product-type.application";
		};
/* End PBXNativeTarget section */

/* Begin PBXProject section */
		15570AE1249D0E0000868E0D /* Project object */ = {
			isa = PBXProject;
			attributes = {
				LastSwiftUpdateCheck = 1120;
				LastUpgradeCheck = 1120;
				ORGANIZATIONNAME = "Jaber Vieira Da Silva Shamali";
				TargetAttributes = {
					15570AE8249D0E0000868E0D = {
						CreatedOnToolsVersion = 11.2.1;
					};
				};
			};
			buildConfigurationList = 15570AE4249D0E0000868E0D /* Build configuration list for PBXProject "Clean Swift HS" */;
			compatibilityVersion = "Xcode 9.3";
			developmentRegion = en;
			hasScannedForEncodings = 0;
			knownRegions = (
				en,
				Base,
			);
			mainGroup = 15570AE0249D0E0000868E0D;
			productRefGroup = 15570AEA249D0E0000868E0D /* Products */;
			projectDirPath = "";
			projectRoot = "";
			targets = (
				15570AE8249D0E0000868E0D /* Clean Swift HS */,
			);
		};
/* End PBXProject section */

/* Begin PBXResourcesBuildPhase section */
		15570AE7249D0E0000868E0D /* Resources */ = {
			isa = PBXResourcesBuildPhase;
			buildActionMask = 2147483647;
			files = (
				15570AFC249D0E0C00868E0D /* LaunchScreen.storyboard in Resources */,
				15570AF9249D0E0C00868E0D /* Preview Assets.xcassets in Resources */,
				15570AF6249D0E0C00868E0D /* Assets.xcassets in Resources */,
			);
			runOnlyForDeploymentPostprocessing = 0;
		};
/* End PBXResourcesBuildPhase section */

/* Begin PBXSourcesBuildPhase section */
		15570AE5249D0E0000868E0D /* Sources */ = {
			isa = PBXSourcesBuildPhase;
			buildActionMask = 2147483647;
			files = (
				15570AF2249D0E0000868E0D /* Clean_Swift_HS.xcdatamodeld in Sources */,
				15570AED249D0E0000868E0D /* AppDelegate.swift in Sources */,
				15570AF4249D0E0000868E0D /* ContentView.swift in Sources */,
				15570AEF249D0E0000868E0D /* SceneDelegate.swift in Sources */,
			);
			runOnlyForDeploymentPostprocessing = 0;
		};
/* End PBXSourcesBuildPhase section */

/* Begin PBXVariantGroup section */
		15570AFA249D0E0C00868E0D /* LaunchScreen.storyboard */ = {
			isa = PBXVariantGroup;
			children = (
				15570AFB249D0E0C00868E0D /* Base */,
			);
			name = LaunchScreen.storyboard;
			sourceTree = "<group>";
		};
/* End PBXVariantGroup section */

/* Begin XCBuildConfiguration section */
		15570AFE249D0E0C00868E0D /* Debug */ = {
			isa = XCBuildConfiguration;
			buildSettings = {
				ALWAYS_SEARCH_USER_PATHS = NO;
				CLANG_ANALYZER_NONNULL = YES;
				CLANG_ANALYZER_NUMBER_OBJECT_CONVERSION = YES_AGGRESSIVE;
				CLANG_CXX_LANGUAGE_STANDARD = "gnu++14";
				CLANG_CXX_LIBRARY = "libc++";
				CLANG_ENABLE_MODULES = YES;
				CLANG_ENABLE_OBJC_ARC = YES;
				CLANG_ENABLE_OBJC_WEAK = YES;
				CLANG_WARN_BLOCK_CAPTURE_AUTORELEASING = YES;
				CLANG_WARN_BOOL_CONVERSION = YES;
				CLANG_WARN_COMMA = YES;
				CLANG_WARN_CONSTANT_CONVERSION = YES;
				CLANG_WARN_DEPRECATED_OBJC_IMPLEMENTATIONS = YES;
				CLANG_WARN_DIRECT_OBJC_ISA_USAGE = YES_ERROR;
				CLANG_WARN_DOCUMENTATION_COMMENTS = YES;
				CLANG_WARN_EMPTY_BODY = YES;
				CLANG_WARN_ENUM_CONVERSION = YES;
				CLANG_WARN_INFINITE_RECURSION = YES;
				CLANG_WARN_INT_CONVERSION = YES;
				CLANG_WARN_NON_LITERAL_NULL_CONVERSION = YES;
				CLANG_WARN_OBJC_IMPLICIT_RETAIN_SELF = YES;
				CLANG_WARN_OBJC_LITERAL_CONVERSION = YES;
				CLANG_WARN_OBJC_ROOT_CLASS = YES_ERROR;
				CLANG_WARN_RANGE_LOOP_ANALYSIS = YES;
				CLANG_WARN_STRICT_PROTOTYPES = YES;
				CLANG_WARN_SUSPICIOUS_MOVE = YES;
				CLANG_WARN_UNGUARDED_AVAILABILITY = YES_AGGRESSIVE;
				CLANG_WARN_UNREACHABLE_CODE = YES;
				CLANG_WARN__DUPLICATE_METHOD_MATCH = YES;
				COPY_PHASE_STRIP = NO;
				DEBUG_INFORMATION_FORMAT = dwarf;
				ENABLE_STRICT_OBJC_MSGSEND = YES;
				ENABLE_TESTABILITY = YES;
				GCC_C_LANGUAGE_STANDARD = gnu11;
				GCC_DYNAMIC_NO_PIC = NO;
				GCC_NO_COMMON_BLOCKS = YES;
				GCC_OPTIMIZATION_LEVEL = 0;
				GCC_PREPROCESSOR_DEFINITIONS = (
					"DEBUG=1",
					"$(inherited)",
				);
				GCC_WARN_64_TO_32_BIT_CONVERSION = YES;
				GCC_WARN_ABOUT_RETURN_TYPE = YES_ERROR;
				GCC_WARN_UNDECLARED_SELECTOR = YES;
				GCC_WARN_UNINITIALIZED_AUTOS = YES_AGGRESSIVE;
				GCC_WARN_UNUSED_FUNCTION = YES;
				GCC_WARN_UNUSED_VARIABLE = YES;
				IPHONEOS_DEPLOYMENT_TARGET = 13.2;
				MTL_ENABLE_DEBUG_INFO = INCLUDE_SOURCE;
				MTL_FAST_MATH = YES;
				ONLY_ACTIVE_ARCH = YES;
				SDKROOT = iphoneos;
				SWIFT_ACTIVE_COMPILATION_CONDITIONS = DEBUG;
				SWIFT_OPTIMIZATION_LEVEL = "-Onone";
			};
			name = Debug;
		};
		15570AFF249D0E0C00868E0D /* Release */ = {
			isa = XCBuildConfiguration;
			buildSettings = {
				ALWAYS_SEARCH_USER_PATHS = NO;
				CLANG_ANALYZER_NONNULL = YES;
				CLANG_ANALYZER_NUMBER_OBJECT_CONVERSION = YES_AGGRESSIVE;
				CLANG_CXX_LANGUAGE_STANDARD = "gnu++14";
				CLANG_CXX_LIBRARY = "libc++";
				CLANG_ENABLE_MODULES = YES;
				CLANG_ENABLE_OBJC_ARC = YES;
				CLANG_ENABLE_OBJC_WEAK = YES;
				CLANG_WARN_BLOCK_CAPTURE_AUTORELEASING = YES;
				CLANG_WARN_BOOL_CONVERSION = YES;
				CLANG_WARN_COMMA = YES;
				CLANG_WARN_CONSTANT_CONVERSION = YES;
				CLANG_WARN_DEPRECATED_OBJC_IMPLEMENTATIONS = YES;
				CLANG_WARN_DIRECT_OBJC_ISA_USAGE = YES_ERROR;
				CLANG_WARN_DOCUMENTATION_COMMENTS = YES;
				CLANG_WARN_EMPTY_BODY = YES;
				CLANG_WARN_ENUM_CONVERSION = YES;
				CLANG_WARN_INFINITE_RECURSION = YES;
				CLANG_WARN_INT_CONVERSION = YES;
				CLANG_WARN_NON_LITERAL_NULL_CONVERSION = YES;
				CLANG_WARN_OBJC_IMPLICIT_RETAIN_SELF = YES;
				CLANG_WARN_OBJC_LITERAL_CONVERSION = YES;
				CLANG_WARN_OBJC_ROOT_CLASS = YES_ERROR;
				CLANG_WARN_RANGE_LOOP_ANALYSIS = YES;
				CLANG_WARN_STRICT_PROTOTYPES = YES;
				CLANG_WARN_SUSPICIOUS_MOVE = YES;
				CLANG_WARN_UNGUARDED_AVAILABILITY = YES_AGGRESSIVE;
				CLANG_WARN_UNREACHABLE_CODE = YES;
				CLANG_WARN__DUPLICATE_METHOD_MATCH = YES;
				COPY_PHASE_STRIP = NO;
				DEBUG_INFORMATION_FORMAT = "dwarf-with-dsym";
				ENABLE_NS_ASSERTIONS = NO;
				ENABLE_STRICT_OBJC_MSGSEND = YES;
				GCC_C_LANGUAGE_STANDARD = gnu11;
				GCC_NO_COMMON_BLOCKS = YES;
				GCC_WARN_64_TO_32_BIT_CONVERSION = YES;
				GCC_WARN_ABOUT_RETURN_TYPE = YES_ERROR;
				GCC_WARN_UNDECLARED_SELECTOR = YES;
				GCC_WARN_UNINITIALIZED_AUTOS = YES_AGGRESSIVE;
				GCC_WARN_UNUSED_FUNCTION = YES;
				GCC_WARN_UNUSED_VARIABLE = YES;
				IPHONEOS_DEPLOYMENT_TARGET = 13.2;
				MTL_ENABLE_DEBUG_INFO = NO;
				MTL_FAST_MATH = YES;
				SDKROOT = iphoneos;
				SWIFT_COMPILATION_MODE = wholemodule;
				SWIFT_OPTIMIZATION_LEVEL = "-O";
				VALIDATE_PRODUCT = YES;
			};
			name = Release;
		};
		15570B01249D0E0C00868E0D /* Debug */ = {
			isa = XCBuildConfiguration;
			buildSettings = {
				ASSETCATALOG_COMPILER_APPICON_NAME = AppIcon;
				CODE_SIGN_STYLE = Automatic;
				DEVELOPMENT_ASSET_PATHS = "\"Clean Swift HS/Preview Content\"";
				DEVELOPMENT_TEAM = XP5B9BHL33;
				ENABLE_PREVIEWS = YES;
				INFOPLIST_FILE = "Clean Swift HS/Info.plist";
				LD_RUNPATH_SEARCH_PATHS = (
					"$(inherited)",
					"@executable_path/Frameworks",
				);
				PRODUCT_BUNDLE_IDENTIFIER = "br.com.jabinho.Clean-Swift-HS";
				PRODUCT_NAME = "$(TARGET_NAME)";
				SWIFT_VERSION = 5.0;
				TARGETED_DEVICE_FAMILY = "1,2";
			};
			name = Debug;
		};
		15570B02249D0E0C00868E0D /* Release */ = {
			isa = XCBuildConfiguration;
			buildSettings = {
				ASSETCATALOG_COMPILER_APPICON_NAME = AppIcon;
				CODE_SIGN_STYLE = Automatic;
				DEVELOPMENT_ASSET_PATHS = "\"Clean Swift HS/Preview Content\"";
				DEVELOPMENT_TEAM = XP5B9BHL33;
				ENABLE_PREVIEWS = YES;
				INFOPLIST_FILE = "Clean Swift HS/Info.plist";
				LD_RUNPATH_SEARCH_PATHS = (
					"$(inherited)",
					"@executable_path/Frameworks",
				);
				PRODUCT_BUNDLE_IDENTIFIER = "br.com.jabinho.Clean-Swift-HS";
				PRODUCT_NAME = "$(TARGET_NAME)";
				SWIFT_VERSION = 5.0;
				TARGETED_DEVICE_FAMILY = "1,2";
			};
			name = Release;
		};
/* End XCBuildConfiguration section */

/* Begin XCConfigurationList section */
		15570AE4249D0E0000868E0D /* Build configuration list for PBXProject "Clean Swift HS" */ = {
			isa = XCConfigurationList;
			buildConfigurations = (
				15570AFE249D0E0C00868E0D /* Debug */,
				15570AFF249D0E0C00868E0D /* Release */,
			);
			defaultConfigurationIsVisible = 0;
			defaultConfigurationName = Release;
		};
		15570B00249D0E0C00868E0D /* Build configuration list for PBXNativeTarget "Clean Swift HS" */ = {
			isa = XCConfigurationList;
			buildConfigurations = (
				15570B01249D0E0C00868E0D /* Debug */,
				15570B02249D0E0C00868E0D /* Release */,
			);
			defaultConfigurationIsVisible = 0;
			defaultConfigurationName = Release;
		};
/* End XCConfigurationList section */

/* Begin XCVersionGroup section */
		15570AF0249D0E0000868E0D /* Clean_Swift_HS.xcdatamodeld */ = {
			isa = XCVersionGroup;
			children = (
				15570AF1249D0E0000868E0D /* Clean_Swift_HS.xcdatamodel */,
			);
			currentVersion = 15570AF1249D0E0000868E0D /* Clean_Swift_HS.xcdatamodel */;
			path = Clean_Swift_HS.xcdatamodeld;
			sourceTree = "<group>";
			versionGroupType = wrapper.xcdatamodel;
		};
/* End XCVersionGroup section */
	};
	rootObject = 15570AE1249D0E0000868E0D /* Project object */;
}
